{
  "requires": true,
  "lockfileVersion": 1,
  "dependencies": {
    "angular": {
      "version": "1.6.5",
      "resolved": "https://registry.npmjs.org/angular/-/angular-1.6.5.tgz",
      "integrity": "sha1-N/eI7r7Fzi4/oCsXu8sqIxV2oNY="
    },
    "angular-animate": {
      "version": "1.6.5",
      "resolved": "https://registry.npmjs.org/angular-animate/-/angular-animate-1.6.5.tgz",
      "integrity": "sha1-OBfHWIDQX8iZpsjUsJ0cxipx6To="
    },
    "angular-resource": {
      "version": "1.6.5",
      "resolved": "https://registry.npmjs.org/angular-resource/-/angular-resource-1.6.5.tgz",
      "integrity": "sha1-0ecSqwGvpdLsZJ9eRxZzpwTyvkA="
    },
    "angular-route": {
      "version": "1.6.5",
      "resolved": "https://registry.npmjs.org/angular-route/-/angular-route-1.6.5.tgz",
      "integrity": "sha1-r0VZMpn1WHTQJhAYrbEVIKOBfSo="
    },
    "jquery": {
      "version": "3.2.1",
      "resolved": "https://registry.npmjs.org/jquery/-/jquery-3.2.1.tgz",
      "integrity": "sha1-XE2d5lKvbNCncBVKYxu6ErAVx4c="
    }
  }
}
